
Microsoft Visual Studio Solution File, Format Version 12.00
# Visual Studio 15
VisualStudioVersion = 15.0.27703.2035
MinimumVisualStudioVersion = 10.0.40219.1
Project("{FAE04EC0-301F-11D3-BF4B-00C04F79EFBC}") = "WpfApp1", "WpfApp1\WpfApp1.csproj", "{FF5BCDFC-3FF3-4E23-A670-E699ADC457E4}"
EndProject
Global
	GlobalSection(SolutionConfigurationPlatforms) = preSolution
		Debug|Any CPU = Debug|Any CPU
		Release|Any CPU = Release|Any CPU
	EndGlobalSection
	GlobalSection(ProjectConfigurationPlatforms) = postSolution
		{FF5BCDFC-3FF3-4E23-A670-E699ADC457E4}.Debug|Any CPU.ActiveCfg = Debug|Any CPU
		{FF5BCDFC-3FF3-4E23-A670-E699ADC457E4}.Debug|Any CPU.Build.0 = Debug|Any CPU
		{FF5BCDFC-3FF3-4E23-A670-E699ADC457E4}.Release|Any CPU.ActiveCfg = Release|Any CPU
		{FF5BCDFC-3FF3-4E23-A670-E699ADC457E4}.Release|Any CPU.Build.0 = Release|Any CPU
	EndGlobalSection
	GlobalSection(SolutionProperties) = preSolution
		HideSolutionNode = FALSE
	EndGlobalSection
	GlobalSection(ExtensibilityGlobals) = postSolution
		SolutionGuid = {9BCB612F-688F-473E-8042-2882E86024B6}
	EndGlobalSection
EndGlobal
